
Microsoft Visual Studio Solution File, Format Version 12.00
# Visual Studio Version 16
VisualStudioVersion = 16.0.32901.82
MinimumVisualStudioVersion = 10.0.40219.1
Project("{8BC9CEB8-8B4A-11D0-8D11-00A0C91BC942}") = "20221130_SingleLinkedList", "20221130_SingleLinkedList.vcxproj", "{568EB4AB-2A9A-4F19-ABB3-007EFD29F417}"
EndProject
Global
	GlobalSection(SolutionConfigurationPlatforms) = preSolution
		Debug|x64 = Debug|x64
		Debug|x86 = Debug|x86
		Release|x64 = Release|x64
		Release|x86 = Release|x86
	EndGlobalSection
	GlobalSection(ProjectConfigurationPlatforms) = postSolution
		{568EB4AB-2A9A-4F19-ABB3-007EFD29F417}.Debug|x64.ActiveCfg = Debug|x64
		{568EB4AB-2A9A-4F19-ABB3-007EFD29F417}.Debug|x64.Build.0 = Debug|x64
		{568EB4AB-2A9A-4F19-ABB3-007EFD29F417}.Debug|x86.ActiveCfg = Debug|Win32
		{568EB4AB-2A9A-4F19-ABB3-007EFD29F417}.Debug|x86.Build.0 = Debug|Win32
		{568EB4AB-2A9A-4F19-ABB3-007EFD29F417}.Release|x64.ActiveCfg = Release|x64
		{568EB4AB-2A9A-4F19-ABB3-007EFD29F417}.Release|x64.Build.0 = Release|x64
		{568EB4AB-2A9A-4F19-ABB3-007EFD29F417}.Release|x86.ActiveCfg = Release|Win32
		{568EB4AB-2A9A-4F19-ABB3-007EFD29F417}.Release|x86.Build.0 = Release|Win32
	EndGlobalSection
	GlobalSection(SolutionProperties) = preSolution
		HideSolutionNode = FALSE
	EndGlobalSection
	GlobalSection(ExtensibilityGlobals) = postSolution
		SolutionGuid = {0104CBDD-06AB-4C07-A2C0-7FCFF79202BF}
	EndGlobalSection
EndGlobal
