
Microsoft Visual Studio Solution File, Format Version 12.00
# Visual Studio Version 16
VisualStudioVersion = 16.0.32901.82
MinimumVisualStudioVersion = 10.0.40219.1
Project("{8BC9CEB8-8B4A-11D0-8D11-00A0C91BC942}") = "20221201_DoubleLinkedList", "20221201_DoubleLinkedList.vcxproj", "{8886EDB4-4905-49E6-9B63-41C151027F41}"
EndProject
Global
	GlobalSection(SolutionConfigurationPlatforms) = preSolution
		Debug|x64 = Debug|x64
		Debug|x86 = Debug|x86
		Release|x64 = Release|x64
		Release|x86 = Release|x86
	EndGlobalSection
	GlobalSection(ProjectConfigurationPlatforms) = postSolution
		{8886EDB4-4905-49E6-9B63-41C151027F41}.Debug|x64.ActiveCfg = Debug|x64
		{8886EDB4-4905-49E6-9B63-41C151027F41}.Debug|x64.Build.0 = Debug|x64
		{8886EDB4-4905-49E6-9B63-41C151027F41}.Debug|x86.ActiveCfg = Debug|Win32
		{8886EDB4-4905-49E6-9B63-41C151027F41}.Debug|x86.Build.0 = Debug|Win32
		{8886EDB4-4905-49E6-9B63-41C151027F41}.Release|x64.ActiveCfg = Release|x64
		{8886EDB4-4905-49E6-9B63-41C151027F41}.Release|x64.Build.0 = Release|x64
		{8886EDB4-4905-49E6-9B63-41C151027F41}.Release|x86.ActiveCfg = Release|Win32
		{8886EDB4-4905-49E6-9B63-41C151027F41}.Release|x86.Build.0 = Release|Win32
	EndGlobalSection
	GlobalSection(SolutionProperties) = preSolution
		HideSolutionNode = FALSE
	EndGlobalSection
	GlobalSection(ExtensibilityGlobals) = postSolution
		SolutionGuid = {9E8217AC-A930-4DB4-A286-4949217370D7}
	EndGlobalSection
EndGlobal
